// !$*UTF8*$!
{
	archiveVersion = 1;
	classes = {
	};
	objectVersion = 46;
	objects = {

/* Begin PBXBuildFile section */
		3842EAAE1BB5546500B5F1D4 /* main.m in Sources */ = {isa = PBXBuildFile; fileRef = 3842EAAD1BB5546500B5F1D4 /* main.m */; };
		3842EAB11BB5546500B5F1D4 /* AppDelegate.m in Sources */ = {isa = PBXBuildFile; fileRef = 3842EAB01BB5546500B5F1D4 /* AppDelegate.m */; };
		3842EAB41BB5546500B5F1D4 /* ViewController.m in Sources */ = {isa = PBXBuildFile; fileRef = 3842EAB31BB5546500B5F1D4 /* ViewController.m */; };
		3842EAB71BB5546500B5F1D4 /* Main.storyboard in Resources */ = {isa = PBXBuildFile; fileRef = 3842EAB51BB5546500B5F1D4 /* Main.storyboard */; };
		3842EAB91BB5546500B5F1D4 /* Assets.xcassets in Resources */ = {isa = PBXBuildFile; fileRef = 3842EAB81BB5546500B5F1D4 /* Assets.xcassets */; };
		3842EABC1BB5546500B5F1D4 /* LaunchScreen.storyboard in Resources */ = {isa = PBXBuildFile; fileRef = 3842EABA1BB5546500B5F1D4 /* LaunchScreen.storyboard */; };
		3842EAC71BB5546500B5F1D4 /* hyakutenTests.m in Sources */ = {isa = PBXBuildFile; fileRef = 3842EAC61BB5546500B5F1D4 /* hyakutenTests.m */; };
		3842EAD21BB5546500B5F1D4 /* hyakutenUITests.m in Sources */ = {isa = PBXBuildFile; fileRef = 3842EAD11BB5546500B5F1D4 /* hyakutenUITests.m */; };
/* End PBXBuildFile section */

/* Begin PBXContainerItemProxy section */
		3842EAC31BB5546500B5F1D4 /* PBXContainerItemProxy */ = {
			isa = PBXContainerItemProxy;
			containerPortal = 3842EAA11BB5546500B5F1D4 /* Project object */;
			proxyType = 1;
			remoteGlobalIDString = 3842EAA81BB5546500B5F1D4;
			remoteInfo = hyakuten;
		};
		3842EACE1BB5546500B5F1D4 /* PBXContainerItemProxy */ = {
			isa = PBXContainerItemProxy;
			containerPortal = 3842EAA11BB5546500B5F1D4 /* Project object */;
			proxyType = 1;
			remoteGlobalIDString = 3842EAA81BB5546500B5F1D4;
			remoteInfo = hyakuten;
		};
/* End PBXContainerItemProxy section */

/* Begin PBXFileReference section */
		3842EAA91BB5546500B5F1D4 /* hyakuten.app */ = {isa = PBXFileReference; explicitFileType = wrapper.application; includeInIndex = 0; path = hyakuten.app; sourceTree = BUILT_PRODUCTS_DIR; };
		3842EAAD1BB5546500B5F1D4 /* main.m */ = {isa = PBXFileReference; lastKnownFileType = sourcecode.c.objc; path = main.m; sourceTree = "<group>"; };
		3842EAAF1BB5546500B5F1D4 /* AppDelegate.h */ = {isa = PBXFileReference; lastKnownFileType = sourcecode.c.h; path = AppDelegate.h; sourceTree = "<group>"; };
		3842EAB01BB5546500B5F1D4 /* AppDelegate.m */ = {isa = PBXFileReference; lastKnownFileType = sourcecode.c.objc; path = AppDelegate.m; sourceTree = "<group>"; };
		3842EAB21BB5546500B5F1D4 /* ViewController.h */ = {isa = PBXFileReference; lastKnownFileType = sourcecode.c.h; path = ViewController.h; sourceTree = "<group>"; };
		3842EAB31BB5546500B5F1D4 /* ViewController.m */ = {isa = PBXFileReference; lastKnownFileType = sourcecode.c.objc; path = ViewController.m; sourceTree = "<group>"; };
		3842EAB61BB5546500B5F1D4 /* Base */ = {isa = PBXFileReference; lastKnownFileType = file.storyboard; name = Base; path = Base.lproj/Main.storyboard; sourceTree = "<group>"; };
		3842EAB81BB5546500B5F1D4 /* Assets.xcassets */ = {isa = PBXFileReference; lastKnownFileType = folder.assetcatalog; path = Assets.xcassets; sourceTree = "<group>"; };
		3842EABB1BB5546500B5F1D4 /* Base */ = {isa = PBXFileReference; lastKnownFileType = file.storyboard; name = Base; path = Base.lproj/LaunchScreen.storyboard; sourceTree = "<group>"; };
		3842EABD1BB5546500B5F1D4 /* Info.plist */ = {isa = PBXFileReference; lastKnownFileType = text.plist.xml; path = Info.plist; sourceTree = "<group>"; };
		3842EAC21BB5546500B5F1D4 /* hyakutenTests.xctest */ = {isa = PBXFileReference; explicitFileType = wrapper.cfbundle; includeInIndex = 0; path = hyakutenTests.xctest; sourceTree = BUILT_PRODUCTS_DIR; };
		3842EAC61BB5546500B5F1D4 /* hyakutenTests.m */ = {isa = PBXFileReference; lastKnownFileType = sourcecode.c.objc; path = hyakutenTests.m; sourceTree = "<group>"; };
		3842EAC81BB5546500B5F1D4 /* Info.plist */ = {isa = PBXFileReference; lastKnownFileType = text.plist.xml; path = Info.plist; sourceTree = "<group>"; };
		3842EACD1BB5546500B5F1D4 /* hyakutenUITests.xctest */ = {isa = PBXFileReference; explicitFileType = wrapper.cfbundle; includeInIndex = 0; path = hyakutenUITests.xctest; sourceTree = BUILT_PRODUCTS_DIR; };
		3842EAD11BB5546500B5F1D4 /* hyakutenUITests.m */ = {isa = PBXFileReference; lastKnownFileType = sourcecode.c.objc; path = hyakutenUITests.m; sourceTree = "<group>"; };
		3842EAD31BB5546500B5F1D4 /* Info.plist */ = {isa = PBXFileReference; lastKnownFileType = text.plist.xml; path = Info.plist; sourceTree = "<group>"; };
/* End PBXFileReference section */

/* Begin PBXFrameworksBuildPhase section */
		3842EAA61BB5546500B5F1D4 /* Frameworks */ = {
			isa = PBXFrameworksBuildPhase;
			buildActionMask = 2147483647;
			files = (
			);
			runOnlyForDeploymentPostprocessing = 0;
		};
		3842EABF1BB5546500B5F1D4 /* Frameworks */ = {
			isa = PBXFrameworksBuildPhase;
			buildActionMask = 2147483647;
			files = (
			);
			runOnlyForDeploymentPostprocessing = 0;
		};
		3842EACA1BB5546500B5F1D4 /* Frameworks */ = {
			isa = PBXFrameworksBuildPhase;
			buildActionMask = 2147483647;
			files = (
			);
			runOnlyForDeploymentPostprocessing = 0;
		};
/* End PBXFrameworksBuildPhase section */

/* Begin PBXGroup section */
		3842EAA01BB5546500B5F1D4 = {
			isa = PBXGroup;
			children = (
				3842EAAB1BB5546500B5F1D4 /* hyakuten */,
				3842EAC51BB5546500B5F1D4 /* hyakutenTests */,
				3842EAD01BB5546500B5F1D4 /* hyakutenUITests */,
				3842EAAA1BB5546500B5F1D4 /* Products */,
			);
			sourceTree = "<group>";
		};
		3842EAAA1BB5546500B5F1D4 /* Products */ = {
			isa = PBXGroup;
			children = (
				3842EAA91BB5546500B5F1D4 /* hyakuten.app */,
				3842EAC21BB5546500B5F1D4 /* hyakutenTests.xctest */,
				3842EACD1BB5546500B5F1D4 /* hyakutenUITests.xctest */,
			);
			name = Products;
			sourceTree = "<group>";
		};
		3842EAAB1BB5546500B5F1D4 /* hyakuten */ = {
			isa = PBXGroup;
			children = (
				3842EAAF1BB5546500B5F1D4 /* AppDelegate.h */,
				3842EAB01BB5546500B5F1D4 /* AppDelegate.m */,
				3842EAB21BB5546500B5F1D4 /* ViewController.h */,
				3842EAB31BB5546500B5F1D4 /* ViewController.m */,
				3842EAB51BB5546500B5F1D4 /* Main.storyboard */,
				3842EAB81BB5546500B5F1D4 /* Assets.xcassets */,
				3842EABA1BB5546500B5F1D4 /* LaunchScreen.storyboard */,
				3842EABD1BB5546500B5F1D4 /* Info.plist */,
				3842EAAC1BB5546500B5F1D4 /* Supporting Files */,
			);
			path = hyakuten;
			sourceTree = "<group>";
		};
		3842EAAC1BB5546500B5F1D4 /* Supporting Files */ = {
			isa = PBXGroup;
			children = (
				3842EAAD1BB5546500B5F1D4 /* main.m */,
			);
			name = "Supporting Files";
			sourceTree = "<group>";
		};
		3842EAC51BB5546500B5F1D4 /* hyakutenTests */ = {
			isa = PBXGroup;
			children = (
				3842EAC61BB5546500B5F1D4 /* hyakutenTests.m */,
				3842EAC81BB5546500B5F1D4 /* Info.plist */,
			);
			path = hyakutenTests;
			sourceTree = "<group>";
		};
		3842EAD01BB5546500B5F1D4 /* hyakutenUITests */ = {
			isa = PBXGroup;
			children = (
				3842EAD11BB5546500B5F1D4 /* hyakutenUITests.m */,
				3842EAD31BB5546500B5F1D4 /* Info.plist */,
			);
			path = hyakutenUITests;
			sourceTree = "<group>";
		};
/* End PBXGroup section */

/* Begin PBXNativeTarget section */
		3842EAA81BB5546500B5F1D4 /* hyakuten */ = {
			isa = PBXNativeTarget;
			buildConfigurationList = 3842EAD61BB5546500B5F1D4 /* Build configuration list for PBXNativeTarget "hyakuten" */;
			buildPhases = (
				3842EAA51BB5546500B5F1D4 /* Sources */,
				3842EAA61BB5546500B5F1D4 /* Frameworks */,
				3842EAA71BB5546500B5F1D4 /* Resources */,
			);
			buildRules = (
			);
			dependencies = (
			);
			name = hyakuten;
			productName = hyakuten;
			productReference = 3842EAA91BB5546500B5F1D4 /* hyakuten.app */;
			productType = "com.apple.product-type.application";
		};
		3842EAC11BB5546500B5F1D4 /* hyakutenTests */ = {
			isa = PBXNativeTarget;
			buildConfigurationList = 3842EAD91BB5546500B5F1D4 /* Build configuration list for PBXNativeTarget "hyakutenTests" */;
			buildPhases = (
				3842EABE1BB5546500B5F1D4 /* Sources */,
				3842EABF1BB5546500B5F1D4 /* Frameworks */,
				3842EAC01BB5546500B5F1D4 /* Resources */,
			);
			buildRules = (
			);
			dependencies = (
				3842EAC41BB5546500B5F1D4 /* PBXTargetDependency */,
			);
			name = hyakutenTests;
			productName = hyakutenTests;
			productReference = 3842EAC21BB5546500B5F1D4 /* hyakutenTests.xctest */;
			productType = "com.apple.product-type.bundle.unit-test";
		};
		3842EACC1BB5546500B5F1D4 /* hyakutenUITests */ = {
			isa = PBXNativeTarget;
			buildConfigurationList = 3842EADC1BB5546500B5F1D4 /* Build configuration list for PBXNativeTarget "hyakutenUITests" */;
			buildPhases = (
				3842EAC91BB5546500B5F1D4 /* Sources */,
				3842EACA1BB5546500B5F1D4 /* Frameworks */,
				3842EACB1BB5546500B5F1D4 /* Resources */,
			);
			buildRules = (
			);
			dependencies = (
				3842EACF1BB5546500B5F1D4 /* PBXTargetDependency */,
			);
			name = hyakutenUITests;
			productName = hyakutenUITests;
			productReference = 3842EACD1BB5546500B5F1D4 /* hyakutenUITests.xctest */;
			productType = "com.apple.product-type.bundle.ui-testing";
		};
/* End PBXNativeTarget section */

/* Begin PBXProject section */
		3842EAA11BB5546500B5F1D4 /* Project object */ = {
			isa = PBXProject;
			attributes = {
				LastUpgradeCheck = 0700;
				ORGANIZATIONNAME = rawtoast;
				TargetAttributes = {
					3842EAA81BB5546500B5F1D4 = {
						CreatedOnToolsVersion = 7.0;
						DevelopmentTeam = Q25EX3A8DT;
					};
					3842EAC11BB5546500B5F1D4 = {
						CreatedOnToolsVersion = 7.0;
						DevelopmentTeam = Q25EX3A8DT;
						TestTargetID = 3842EAA81BB5546500B5F1D4;
					};
					3842EACC1BB5546500B5F1D4 = {
						CreatedOnToolsVersion = 7.0;
						DevelopmentTeam = Q25EX3A8DT;
						TestTargetID = 3842EAA81BB5546500B5F1D4;
					};
				};
			};
			buildConfigurationList = 3842EAA41BB5546500B5F1D4 /* Build configuration list for PBXProject "hyakuten" */;
			compatibilityVersion = "Xcode 3.2";
			developmentRegion = English;
			hasScannedForEncodings = 0;
			knownRegions = (
				en,
				Base,
			);
			mainGroup = 3842EAA01BB5546500B5F1D4;
			productRefGroup = 3842EAAA1BB5546500B5F1D4 /* Products */;
			projectDirPath = "";
			projectRoot = "";
			targets = (
				3842EAA81BB5546500B5F1D4 /* hyakuten */,
				3842EAC11BB5546500B5F1D4 /* hyakutenTests */,
				3842EACC1BB5546500B5F1D4 /* hyakutenUITests */,
			);
		};
/* End PBXProject section */

/* Begin PBXResourcesBuildPhase section */
		3842EAA71BB5546500B5F1D4 /* Resources */ = {
			isa = PBXResourcesBuildPhase;
			buildActionMask = 2147483647;
			files = (
				3842EABC1BB5546500B5F1D4 /* LaunchScreen.storyboard in Resources */,
				3842EAB91BB5546500B5F1D4 /* Assets.xcassets in Resources */,
				3842EAB71BB5546500B5F1D4 /* Main.storyboard in Resources */,
			);
			runOnlyForDeploymentPostprocessing = 0;
		};
		3842EAC01BB5546500B5F1D4 /* Resources */ = {
			isa = PBXResourcesBuildPhase;
			buildActionMask = 2147483647;
			files = (
			);
			runOnlyForDeploymentPostprocessing = 0;
		};
		3842EACB1BB5546500B5F1D4 /* Resources */ = {
			isa = PBXResourcesBuildPhase;
			buildActionMask = 2147483647;
			files = (
			);
			runOnlyForDeploymentPostprocessing = 0;
		};
/* End PBXResourcesBuildPhase section */

/* Begin PBXSourcesBuildPhase section */
		3842EAA51BB5546500B5F1D4 /* Sources */ = {
			isa = PBXSourcesBuildPhase;
			buildActionMask = 2147483647;
			files = (
				3842EAB41BB5546500B5F1D4 /* ViewController.m in Sources */,
				3842EAB11BB5546500B5F1D4 /* AppDelegate.m in Sources */,
				3842EAAE1BB5546500B5F1D4 /* main.m in Sources */,
			);
			runOnlyForDeploymentPostprocessing = 0;
		};
		3842EABE1BB5546500B5F1D4 /* Sources */ = {
			isa = PBXSourcesBuildPhase;
			buildActionMask = 2147483647;
			files = (
				3842EAC71BB5546500B5F1D4 /* hyakutenTests.m in Sources */,
			);
			runOnlyForDeploymentPostprocessing = 0;
		};
		3842EAC91BB5546500B5F1D4 /* Sources */ = {
			isa = PBXSourcesBuildPhase;
			buildActionMask = 2147483647;
			files = (
				3842EAD21BB5546500B5F1D4 /* hyakutenUITests.m in Sources */,
			);
			runOnlyForDeploymentPostprocessing = 0;
		};
/* End PBXSourcesBuildPhase section */

/* Begin PBXTargetDependency section */
		3842EAC41BB5546500B5F1D4 /* PBXTargetDependency */ = {
			isa = PBXTargetDependency;
			target = 3842EAA81BB5546500B5F1D4 /* hyakuten */;
			targetProxy = 3842EAC31BB5546500B5F1D4 /* PBXContainerItemProxy */;
		};
		3842EACF1BB5546500B5F1D4 /* PBXTargetDependency */ = {
			isa = PBXTargetDependency;
			target = 3842EAA81BB5546500B5F1D4 /* hyakuten */;
			targetProxy = 3842EACE1BB5546500B5F1D4 /* PBXContainerItemProxy */;
		};
/* End PBXTargetDependency section */

/* Begin PBXVariantGroup section */
		3842EAB51BB5546500B5F1D4 /* Main.storyboard */ = {
			isa = PBXVariantGroup;
			children = (
				3842EAB61BB5546500B5F1D4 /* Base */,
			);
			name = Main.storyboard;
			sourceTree = "<group>";
		};
		3842EABA1BB5546500B5F1D4 /* LaunchScreen.storyboard */ = {
			isa = PBXVariantGroup;
			children = (
				3842EABB1BB5546500B5F1D4 /* Base */,
			);
			name = LaunchScreen.storyboard;
			sourceTree = "<group>";
		};
/* End PBXVariantGroup section */

/* Begin XCBuildConfiguration section */
		3842EAD41BB5546500B5F1D4 /* Debug */ = {
			isa = XCBuildConfiguration;
			buildSettings = {
				ALWAYS_SEARCH_USER_PATHS = NO;
				CLANG_CXX_LANGUAGE_STANDARD = "gnu++0x";
				CLANG_CXX_LIBRARY = "libc++";
				CLANG_ENABLE_MODULES = YES;
				CLANG_ENABLE_OBJC_ARC = YES;
				CLANG_WARN_BOOL_CONVERSION = YES;
				CLANG_WARN_CONSTANT_CONVERSION = YES;
				CLANG_WARN_DIRECT_OBJC_ISA_USAGE = YES_ERROR;
				CLANG_WARN_EMPTY_BODY = YES;
				CLANG_WARN_ENUM_CONVERSION = YES;
				CLANG_WARN_INT_CONVERSION = YES;
				CLANG_WARN_OBJC_ROOT_CLASS = YES_ERROR;
				CLANG_WARN_UNREACHABLE_CODE = YES;
				CLANG_WARN__DUPLICATE_METHOD_MATCH = YES;
				"CODE_SIGN_IDENTITY[sdk=iphoneos*]" = "iPhone Developer";
				COPY_PHASE_STRIP = NO;
				DEBUG_INFORMATION_FORMAT = dwarf;
				ENABLE_STRICT_OBJC_MSGSEND = YES;
				ENABLE_TESTABILITY = YES;
				GCC_C_LANGUAGE_STANDARD = gnu99;
				GCC_DYNAMIC_NO_PIC = NO;
				GCC_NO_COMMON_BLOCKS = YES;
				GCC_OPTIMIZATION_LEVEL = 0;
				GCC_PREPROCESSOR_DEFINITIONS = (
					"DEBUG=1",
					"$(inherited)",
				);
				GCC_WARN_64_TO_32_BIT_CONVERSION = YES;
				GCC_WARN_ABOUT_RETURN_TYPE = YES_ERROR;
				GCC_WARN_UNDECLARED_SELECTOR = YES;
				GCC_WARN_UNINITIALIZED_AUTOS = YES_AGGRESSIVE;
				GCC_WARN_UNUSED_FUNCTION = YES;
				GCC_WARN_UNUSED_VARIABLE = YES;
				IPHONEOS_DEPLOYMENT_TARGET = 9.0;
				MTL_ENABLE_DEBUG_INFO = YES;
				ONLY_ACTIVE_ARCH = YES;
				SDKROOT = iphoneos;
				TARGETED_DEVICE_FAMILY = "1,2";
			};
			name = Debug;
		};
		3842EAD51BB5546500B5F1D4 /* Release */ = {
			isa = XCBuildConfiguration;
			buildSettings = {
				ALWAYS_SEARCH_USER_PATHS = NO;
				CLANG_CXX_LANGUAGE_STANDARD = "gnu++0x";
				CLANG_CXX_LIBRARY = "libc++";
				CLANG_ENABLE_MODULES = YES;
				CLANG_ENABLE_OBJC_ARC = YES;
				CLANG_WARN_BOOL_CONVERSION = YES;
				CLANG_WARN_CONSTANT_CONVERSION = YES;
				CLANG_WARN_DIRECT_OBJC_ISA_USAGE = YES_ERROR;
				CLANG_WARN_EMPTY_BODY = YES;
				CLANG_WARN_ENUM_CONVERSION = YES;
				CLANG_WARN_INT_CONVERSION = YES;
				CLANG_WARN_OBJC_ROOT_CLASS = YES_ERROR;
				CLANG_WARN_UNREACHABLE_CODE = YES;
				CLANG_WARN__DUPLICATE_METHOD_MATCH = YES;
				"CODE_SIGN_IDENTITY[sdk=iphoneos*]" = "iPhone Developer";
				COPY_PHASE_STRIP = NO;
				DEBUG_INFORMATION_FORMAT = "dwarf-with-dsym";
				ENABLE_NS_ASSERTIONS = NO;
				ENABLE_STRICT_OBJC_MSGSEND = YES;
				GCC_C_LANGUAGE_STANDARD = gnu99;
				GCC_NO_COMMON_BLOCKS = YES;
				GCC_WARN_64_TO_32_BIT_CONVERSION = YES;
				GCC_WARN_ABOUT_RETURN_TYPE = YES_ERROR;
				GCC_WARN_UNDECLARED_SELECTOR = YES;
				GCC_WARN_UNINITIALIZED_AUTOS = YES_AGGRESSIVE;
				GCC_WARN_UNUSED_FUNCTION = YES;
				GCC_WARN_UNUSED_VARIABLE = YES;
				IPHONEOS_DEPLOYMENT_TARGET = 9.0;
				MTL_ENABLE_DEBUG_INFO = NO;
				SDKROOT = iphoneos;
				TARGETED_DEVICE_FAMILY = "1,2";
				VALIDATE_PRODUCT = YES;
			};
			name = Release;
		};
		3842EAD71BB5546500B5F1D4 /* Debug */ = {
			isa = XCBuildConfiguration;
			buildSettings = {
				ASSETCATALOG_COMPILER_APPICON_NAME = AppIcon;
				INFOPLIST_FILE = hyakuten/Info.plist;
				LD_RUNPATH_SEARCH_PATHS = "$(inherited) @executable_path/Frameworks";
				PRODUCT_BUNDLE_IDENTIFIER = com.github.rawtoast.hyakuten;
				PRODUCT_NAME = "$(TARGET_NAME)";
			};
			name = Debug;
		};
		3842EAD81BB5546500B5F1D4 /* Release */ = {
			isa = XCBuildConfiguration;
			buildSettings = {
				ASSETCATALOG_COMPILER_APPICON_NAME = AppIcon;
				INFOPLIST_FILE = hyakuten/Info.plist;
				LD_RUNPATH_SEARCH_PATHS = "$(inherited) @executable_path/Frameworks";
				PRODUCT_BUNDLE_IDENTIFIER = com.github.rawtoast.hyakuten;
				PRODUCT_NAME = "$(TARGET_NAME)";
			};
			name = Release;
		};
		3842EADA1BB5546500B5F1D4 /* Debug */ = {
			isa = XCBuildConfiguration;
			buildSettings = {
				BUNDLE_LOADER = "$(TEST_HOST)";
				INFOPLIST_FILE = hyakutenTests/Info.plist;
				LD_RUNPATH_SEARCH_PATHS = "$(inherited) @executable_path/Frameworks @loader_path/Frameworks";
				PRODUCT_BUNDLE_IDENTIFIER = com.github.rawtoast.hyakutenTests;
				PRODUCT_NAME = "$(TARGET_NAME)";
				TEST_HOST = "$(BUILT_PRODUCTS_DIR)/hyakuten.app/hyakuten";
			};
			name = Debug;
		};
		3842EADB1BB5546500B5F1D4 /* Release */ = {
			isa = XCBuildConfiguration;
			buildSettings = {
				BUNDLE_LOADER = "$(TEST_HOST)";
				INFOPLIST_FILE = hyakutenTests/Info.plist;
				LD_RUNPATH_SEARCH_PATHS = "$(inherited) @executable_path/Frameworks @loader_path/Frameworks";
				PRODUCT_BUNDLE_IDENTIFIER = com.github.rawtoast.hyakutenTests;
				PRODUCT_NAME = "$(TARGET_NAME)";
				TEST_HOST = "$(BUILT_PRODUCTS_DIR)/hyakuten.app/hyakuten";
			};
			name = Release;
		};
		3842EADD1BB5546500B5F1D4 /* Debug */ = {
			isa = XCBuildConfiguration;
			buildSettings = {
				INFOPLIST_FILE = hyakutenUITests/Info.plist;
				LD_RUNPATH_SEARCH_PATHS = "$(inherited) @executable_path/Frameworks @loader_path/Frameworks";
				PRODUCT_BUNDLE_IDENTIFIER = com.github.rawtoast.hyakutenUITests;
				PRODUCT_NAME = "$(TARGET_NAME)";
				TEST_TARGET_NAME = hyakuten;
				USES_XCTRUNNER = YES;
			};
			name = Debug;
		};
		3842EADE1BB5546500B5F1D4 /* Release */ = {
			isa = XCBuildConfiguration;
			buildSettings = {
				INFOPLIST_FILE = hyakutenUITests/Info.plist;
				LD_RUNPATH_SEARCH_PATHS = "$(inherited) @executable_path/Frameworks @loader_path/Frameworks";
				PRODUCT_BUNDLE_IDENTIFIER = com.github.rawtoast.hyakutenUITests;
				PRODUCT_NAME = "$(TARGET_NAME)";
				TEST_TARGET_NAME = hyakuten;
				USES_XCTRUNNER = YES;
			};
			name = Release;
		};
/* End XCBuildConfiguration section */

/* Begin XCConfigurationList section */
		3842EAA41BB5546500B5F1D4 /* Build configuration list for PBXProject "hyakuten" */ = {
			isa = XCConfigurationList;
			buildConfigurations = (
				3842EAD41BB5546500B5F1D4 /* Debug */,
				3842EAD51BB5546500B5F1D4 /* Release */,
			);
			defaultConfigurationIsVisible = 0;
			defaultConfigurationName = Release;
		};
		3842EAD61BB5546500B5F1D4 /* Build configuration list for PBXNativeTarget "hyakuten" */ = {
			isa = XCConfigurationList;
			buildConfigurations = (
				3842EAD71BB5546500B5F1D4 /* Debug */,
				3842EAD81BB5546500B5F1D4 /* Release */,
			);
			defaultConfigurationIsVisible = 0;
		};
		3842EAD91BB5546500B5F1D4 /* Build configuration list for PBXNativeTarget "hyakutenTests" */ = {
			isa = XCConfigurationList;
			buildConfigurations = (
				3842EADA1BB5546500B5F1D4 /* Debug */,
				3842EADB1BB5546500B5F1D4 /* Release */,
			);
			defaultConfigurationIsVisible = 0;
		};
		3842EADC1BB5546500B5F1D4 /* Build configuration list for PBXNativeTarget "hyakutenUITests" */ = {
			isa = XCConfigurationList;
			buildConfigurations = (
				3842EADD1BB5546500B5F1D4 /* Debug */,
				3842EADE1BB5546500B5F1D4 /* Release */,
			);
			defaultConfigurationIsVisible = 0;
		};
/* End XCConfigurationList section */
	};
	rootObject = 3842EAA11BB5546500B5F1D4 /* Project object */;
}
