// !$*UTF8*$!
{
	archiveVersion = 1;
	classes = {
	};
	objectVersion = 46;
	objects = {

/* Begin PBXBuildFile section */
		380782D41BBD72F500CDEA2B /* Question+CoreDataProperties.m in Sources */ = {isa = PBXBuildFile; fileRef = 380782CD1BBD72F500CDEA2B /* Question+CoreDataProperties.m */; settings = {ASSET_TAGS = (); }; };
		380782D51BBD72F500CDEA2B /* Question.m in Sources */ = {isa = PBXBuildFile; fileRef = 380782CF1BBD72F500CDEA2B /* Question.m */; settings = {ASSET_TAGS = (); }; };
		380782D61BBD72F500CDEA2B /* Quiz+CoreDataProperties.m in Sources */ = {isa = PBXBuildFile; fileRef = 380782D11BBD72F500CDEA2B /* Quiz+CoreDataProperties.m */; settings = {ASSET_TAGS = (); }; };
		380782D71BBD72F500CDEA2B /* Quiz.m in Sources */ = {isa = PBXBuildFile; fileRef = 380782D31BBD72F500CDEA2B /* Quiz.m */; settings = {ASSET_TAGS = (); }; };
		380782E21BBD860D00CDEA2B /* AnswerGenerator.m in Sources */ = {isa = PBXBuildFile; fileRef = 380782E11BBD860D00CDEA2B /* AnswerGenerator.m */; settings = {ASSET_TAGS = (); }; };
		380782E81BBD8F3900CDEA2B /* HType.m in Sources */ = {isa = PBXBuildFile; fileRef = 380782E71BBD8F3900CDEA2B /* HType.m */; settings = {ASSET_TAGS = (); }; };
		380782EB1BBD971F00CDEA2B /* AnswerGeneratorTest.swift in Sources */ = {isa = PBXBuildFile; fileRef = 380782EA1BBD971F00CDEA2B /* AnswerGeneratorTest.swift */; settings = {ASSET_TAGS = (); }; };
		383EE0AA1BBC2484004F15E2 /* SettingsViewController.m in Sources */ = {isa = PBXBuildFile; fileRef = 383EE0A91BBC2484004F15E2 /* SettingsViewController.m */; settings = {ASSET_TAGS = (); }; };
		3842EAAE1BB5546500B5F1D4 /* main.m in Sources */ = {isa = PBXBuildFile; fileRef = 3842EAAD1BB5546500B5F1D4 /* main.m */; };
		3842EAB11BB5546500B5F1D4 /* AppDelegate.m in Sources */ = {isa = PBXBuildFile; fileRef = 3842EAB01BB5546500B5F1D4 /* AppDelegate.m */; };
		3842EAB41BB5546500B5F1D4 /* QuizViewController.m in Sources */ = {isa = PBXBuildFile; fileRef = 3842EAB31BB5546500B5F1D4 /* QuizViewController.m */; };
		3842EAB71BB5546500B5F1D4 /* Main.storyboard in Resources */ = {isa = PBXBuildFile; fileRef = 3842EAB51BB5546500B5F1D4 /* Main.storyboard */; };
		3842EAB91BB5546500B5F1D4 /* Assets.xcassets in Resources */ = {isa = PBXBuildFile; fileRef = 3842EAB81BB5546500B5F1D4 /* Assets.xcassets */; };
		3842EABC1BB5546500B5F1D4 /* LaunchScreen.storyboard in Resources */ = {isa = PBXBuildFile; fileRef = 3842EABA1BB5546500B5F1D4 /* LaunchScreen.storyboard */; };
		3842EAC71BB5546500B5F1D4 /* hyakutenTests.m in Sources */ = {isa = PBXBuildFile; fileRef = 3842EAC61BB5546500B5F1D4 /* hyakutenTests.m */; };
		3842EAD21BB5546500B5F1D4 /* hyakutenUITests.m in Sources */ = {isa = PBXBuildFile; fileRef = 3842EAD11BB5546500B5F1D4 /* hyakutenUITests.m */; };
		386F3F731BC30AAB003020D5 /* QuizManager.m in Sources */ = {isa = PBXBuildFile; fileRef = 386F3F721BC30AAB003020D5 /* QuizManager.m */; settings = {ASSET_TAGS = (); }; };
		386F3F761BC3BADE003020D5 /* QuizDataLoader.m in Sources */ = {isa = PBXBuildFile; fileRef = 386F3F751BC3BADE003020D5 /* QuizDataLoader.m */; settings = {ASSET_TAGS = (); }; };
		38703B111BBE8F7500C840E3 /* .travis.yml in Resources */ = {isa = PBXBuildFile; fileRef = 38703B101BBE8F7500C840E3 /* .travis.yml */; settings = {ASSET_TAGS = (); }; };
		38703B121BBE8F7500C840E3 /* .travis.yml in Resources */ = {isa = PBXBuildFile; fileRef = 38703B101BBE8F7500C840E3 /* .travis.yml */; settings = {ASSET_TAGS = (); }; };
		38703B131BBE8F7500C840E3 /* .travis.yml in Resources */ = {isa = PBXBuildFile; fileRef = 38703B101BBE8F7500C840E3 /* .travis.yml */; settings = {ASSET_TAGS = (); }; };
		3882479C1BBAC9BB00EF6E1C /* MainTableViewController.m in Sources */ = {isa = PBXBuildFile; fileRef = 3882479B1BBAC9BB00EF6E1C /* MainTableViewController.m */; settings = {ASSET_TAGS = (); }; };
		3899317A1BBE80DB00F2A32C /* CoreDataHelper.swift in Sources */ = {isa = PBXBuildFile; fileRef = 389931791BBE80DB00F2A32C /* CoreDataHelper.swift */; settings = {ASSET_TAGS = (); }; };
		38CD49931BC29191002DE5D4 /* QuizSelectionTableView.m in Sources */ = {isa = PBXBuildFile; fileRef = 38CD49921BC29191002DE5D4 /* QuizSelectionTableView.m */; settings = {ASSET_TAGS = (); }; };
		38CD49961BC29670002DE5D4 /* HStack.m in Sources */ = {isa = PBXBuildFile; fileRef = 38CD49951BC29670002DE5D4 /* HStack.m */; settings = {ASSET_TAGS = (); }; };
		38CEA2C01BBAC12700333E73 /* hyakuten.xcdatamodeld in Sources */ = {isa = PBXBuildFile; fileRef = 38CEA2BE1BBAC12700333E73 /* hyakuten.xcdatamodeld */; settings = {ASSET_TAGS = (); }; };
		38CEA2C21BBAC24A00333E73 /* CoreData.framework in Frameworks */ = {isa = PBXBuildFile; fileRef = 38CEA2C11BBAC24A00333E73 /* CoreData.framework */; };
		EDB251D5836324AB11AC0F1E /* libPods.a in Frameworks */ = {isa = PBXBuildFile; fileRef = 893DE68ACDA97C5A6D7AEB02 /* libPods.a */; };
/* End PBXBuildFile section */

/* Begin PBXContainerItemProxy section */
		3842EAC31BB5546500B5F1D4 /* PBXContainerItemProxy */ = {
			isa = PBXContainerItemProxy;
			containerPortal = 3842EAA11BB5546500B5F1D4 /* Project object */;
			proxyType = 1;
			remoteGlobalIDString = 3842EAA81BB5546500B5F1D4;
			remoteInfo = hyakuten;
		};
		3842EACE1BB5546500B5F1D4 /* PBXContainerItemProxy */ = {
			isa = PBXContainerItemProxy;
			containerPortal = 3842EAA11BB5546500B5F1D4 /* Project object */;
			proxyType = 1;
			remoteGlobalIDString = 3842EAA81BB5546500B5F1D4;
			remoteInfo = hyakuten;
		};
/* End PBXContainerItemProxy section */

/* Begin PBXFileReference section */
		380782CC1BBD72F500CDEA2B /* Question+CoreDataProperties.h */ = {isa = PBXFileReference; fileEncoding = 4; lastKnownFileType = sourcecode.c.h; name = "Question+CoreDataProperties.h"; path = "Model/Question+CoreDataProperties.h"; sourceTree = "<group>"; };
		380782CD1BBD72F500CDEA2B /* Question+CoreDataProperties.m */ = {isa = PBXFileReference; fileEncoding = 4; lastKnownFileType = sourcecode.c.objc; name = "Question+CoreDataProperties.m"; path = "Model/Question+CoreDataProperties.m"; sourceTree = "<group>"; };
		380782CE1BBD72F500CDEA2B /* Question.h */ = {isa = PBXFileReference; fileEncoding = 4; lastKnownFileType = sourcecode.c.h; name = Question.h; path = Model/Question.h; sourceTree = "<group>"; };
		380782CF1BBD72F500CDEA2B /* Question.m */ = {isa = PBXFileReference; fileEncoding = 4; lastKnownFileType = sourcecode.c.objc; name = Question.m; path = Model/Question.m; sourceTree = "<group>"; };
		380782D01BBD72F500CDEA2B /* Quiz+CoreDataProperties.h */ = {isa = PBXFileReference; fileEncoding = 4; lastKnownFileType = sourcecode.c.h; name = "Quiz+CoreDataProperties.h"; path = "Model/Quiz+CoreDataProperties.h"; sourceTree = "<group>"; };
		380782D11BBD72F500CDEA2B /* Quiz+CoreDataProperties.m */ = {isa = PBXFileReference; fileEncoding = 4; lastKnownFileType = sourcecode.c.objc; name = "Quiz+CoreDataProperties.m"; path = "Model/Quiz+CoreDataProperties.m"; sourceTree = "<group>"; };
		380782D21BBD72F500CDEA2B /* Quiz.h */ = {isa = PBXFileReference; fileEncoding = 4; lastKnownFileType = sourcecode.c.h; name = Quiz.h; path = Model/Quiz.h; sourceTree = "<group>"; };
		380782D31BBD72F500CDEA2B /* Quiz.m */ = {isa = PBXFileReference; fileEncoding = 4; lastKnownFileType = sourcecode.c.objc; name = Quiz.m; path = Model/Quiz.m; sourceTree = "<group>"; };
		380782E01BBD860D00CDEA2B /* AnswerGenerator.h */ = {isa = PBXFileReference; fileEncoding = 4; lastKnownFileType = sourcecode.c.h; name = AnswerGenerator.h; path = hyakuten/Model/AnswerGenerator.h; sourceTree = "<group>"; };
		380782E11BBD860D00CDEA2B /* AnswerGenerator.m */ = {isa = PBXFileReference; fileEncoding = 4; lastKnownFileType = sourcecode.c.objc; name = AnswerGenerator.m; path = hyakuten/Model/AnswerGenerator.m; sourceTree = "<group>"; };
		380782E51BBD8BCA00CDEA2B /* hyakuten-Bridging-Header.h */ = {isa = PBXFileReference; fileEncoding = 4; lastKnownFileType = sourcecode.c.h; path = "hyakuten-Bridging-Header.h"; sourceTree = "<group>"; };
		380782E61BBD8F3900CDEA2B /* HType.h */ = {isa = PBXFileReference; fileEncoding = 4; lastKnownFileType = sourcecode.c.h; name = HType.h; path = hyakuten/Model/HType.h; sourceTree = "<group>"; };
		380782E71BBD8F3900CDEA2B /* HType.m */ = {isa = PBXFileReference; fileEncoding = 4; lastKnownFileType = sourcecode.c.objc; name = HType.m; path = hyakuten/Model/HType.m; sourceTree = "<group>"; };
		380782E91BBD971F00CDEA2B /* hyakutenTests-Bridging-Header.h */ = {isa = PBXFileReference; lastKnownFileType = sourcecode.c.h; path = "hyakutenTests-Bridging-Header.h"; sourceTree = "<group>"; };
		380782EA1BBD971F00CDEA2B /* AnswerGeneratorTest.swift */ = {isa = PBXFileReference; fileEncoding = 4; lastKnownFileType = sourcecode.swift; path = AnswerGeneratorTest.swift; sourceTree = "<group>"; };
		383EE0A81BBC2484004F15E2 /* SettingsViewController.h */ = {isa = PBXFileReference; fileEncoding = 4; lastKnownFileType = sourcecode.c.h; name = SettingsViewController.h; path = Controllers/SettingsViewController.h; sourceTree = "<group>"; };
		383EE0A91BBC2484004F15E2 /* SettingsViewController.m */ = {isa = PBXFileReference; fileEncoding = 4; lastKnownFileType = sourcecode.c.objc; name = SettingsViewController.m; path = Controllers/SettingsViewController.m; sourceTree = "<group>"; };
		3842EAA91BB5546500B5F1D4 /* hyakuten.app */ = {isa = PBXFileReference; explicitFileType = wrapper.application; includeInIndex = 0; path = hyakuten.app; sourceTree = BUILT_PRODUCTS_DIR; };
		3842EAAD1BB5546500B5F1D4 /* main.m */ = {isa = PBXFileReference; lastKnownFileType = sourcecode.c.objc; path = main.m; sourceTree = "<group>"; };
		3842EAAF1BB5546500B5F1D4 /* AppDelegate.h */ = {isa = PBXFileReference; lastKnownFileType = sourcecode.c.h; path = AppDelegate.h; sourceTree = "<group>"; };
		3842EAB01BB5546500B5F1D4 /* AppDelegate.m */ = {isa = PBXFileReference; lastKnownFileType = sourcecode.c.objc; path = AppDelegate.m; sourceTree = "<group>"; };
		3842EAB21BB5546500B5F1D4 /* QuizViewController.h */ = {isa = PBXFileReference; lastKnownFileType = sourcecode.c.h; name = QuizViewController.h; path = Controllers/QuizViewController.h; sourceTree = "<group>"; };
		3842EAB31BB5546500B5F1D4 /* QuizViewController.m */ = {isa = PBXFileReference; lastKnownFileType = sourcecode.c.objc; name = QuizViewController.m; path = Controllers/QuizViewController.m; sourceTree = "<group>"; };
		3842EAB61BB5546500B5F1D4 /* Base */ = {isa = PBXFileReference; lastKnownFileType = file.storyboard; name = Base; path = Base.lproj/Main.storyboard; sourceTree = "<group>"; };
		3842EAB81BB5546500B5F1D4 /* Assets.xcassets */ = {isa = PBXFileReference; lastKnownFileType = folder.assetcatalog; path = Assets.xcassets; sourceTree = "<group>"; };
		3842EABB1BB5546500B5F1D4 /* Base */ = {isa = PBXFileReference; lastKnownFileType = file.storyboard; name = Base; path = Base.lproj/LaunchScreen.storyboard; sourceTree = "<group>"; };
		3842EABD1BB5546500B5F1D4 /* Info.plist */ = {isa = PBXFileReference; lastKnownFileType = text.plist.xml; path = Info.plist; sourceTree = "<group>"; };
		3842EAC21BB5546500B5F1D4 /* hyakutenTests.xctest */ = {isa = PBXFileReference; explicitFileType = wrapper.cfbundle; includeInIndex = 0; path = hyakutenTests.xctest; sourceTree = BUILT_PRODUCTS_DIR; };
		3842EAC61BB5546500B5F1D4 /* hyakutenTests.m */ = {isa = PBXFileReference; lastKnownFileType = sourcecode.c.objc; path = hyakutenTests.m; sourceTree = "<group>"; };
		3842EAC81BB5546500B5F1D4 /* Info.plist */ = {isa = PBXFileReference; lastKnownFileType = text.plist.xml; path = Info.plist; sourceTree = "<group>"; };
		3842EACD1BB5546500B5F1D4 /* hyakutenUITests.xctest */ = {isa = PBXFileReference; explicitFileType = wrapper.cfbundle; includeInIndex = 0; path = hyakutenUITests.xctest; sourceTree = BUILT_PRODUCTS_DIR; };
		3842EAD11BB5546500B5F1D4 /* hyakutenUITests.m */ = {isa = PBXFileReference; lastKnownFileType = sourcecode.c.objc; path = hyakutenUITests.m; sourceTree = "<group>"; };
		3842EAD31BB5546500B5F1D4 /* Info.plist */ = {isa = PBXFileReference; lastKnownFileType = text.plist.xml; path = Info.plist; sourceTree = "<group>"; };
		386F3F711BC30AAB003020D5 /* QuizManager.h */ = {isa = PBXFileReference; fileEncoding = 4; lastKnownFileType = sourcecode.c.h; name = QuizManager.h; path = hyakuten/Model/QuizManager.h; sourceTree = "<group>"; };
		386F3F721BC30AAB003020D5 /* QuizManager.m */ = {isa = PBXFileReference; fileEncoding = 4; lastKnownFileType = sourcecode.c.objc; name = QuizManager.m; path = hyakuten/Model/QuizManager.m; sourceTree = "<group>"; };
		386F3F741BC3BADE003020D5 /* QuizDataLoader.h */ = {isa = PBXFileReference; fileEncoding = 4; lastKnownFileType = sourcecode.c.h; name = QuizDataLoader.h; path = hyakuten/Model/QuizDataLoader.h; sourceTree = "<group>"; };
		386F3F751BC3BADE003020D5 /* QuizDataLoader.m */ = {isa = PBXFileReference; fileEncoding = 4; lastKnownFileType = sourcecode.c.objc; name = QuizDataLoader.m; path = hyakuten/Model/QuizDataLoader.m; sourceTree = "<group>"; };
		38703B101BBE8F7500C840E3 /* .travis.yml */ = {isa = PBXFileReference; fileEncoding = 4; lastKnownFileType = text; path = .travis.yml; sourceTree = "<group>"; };
		3882479A1BBAC9BB00EF6E1C /* MainTableViewController.h */ = {isa = PBXFileReference; fileEncoding = 4; lastKnownFileType = sourcecode.c.h; path = MainTableViewController.h; sourceTree = "<group>"; };
		3882479B1BBAC9BB00EF6E1C /* MainTableViewController.m */ = {isa = PBXFileReference; fileEncoding = 4; lastKnownFileType = sourcecode.c.objc; path = MainTableViewController.m; sourceTree = "<group>"; };
		389931791BBE80DB00F2A32C /* CoreDataHelper.swift */ = {isa = PBXFileReference; fileEncoding = 4; lastKnownFileType = sourcecode.swift; path = CoreDataHelper.swift; sourceTree = "<group>"; };
		38CD49911BC29191002DE5D4 /* QuizSelectionTableView.h */ = {isa = PBXFileReference; fileEncoding = 4; lastKnownFileType = sourcecode.c.h; path = QuizSelectionTableView.h; sourceTree = "<group>"; };
		38CD49921BC29191002DE5D4 /* QuizSelectionTableView.m */ = {isa = PBXFileReference; fileEncoding = 4; lastKnownFileType = sourcecode.c.objc; path = QuizSelectionTableView.m; sourceTree = "<group>"; };
		38CD49941BC29670002DE5D4 /* HStack.h */ = {isa = PBXFileReference; fileEncoding = 4; lastKnownFileType = sourcecode.c.h; name = HStack.h; path = hyakuten/Model/HStack.h; sourceTree = "<group>"; };
		38CD49951BC29670002DE5D4 /* HStack.m */ = {isa = PBXFileReference; fileEncoding = 4; lastKnownFileType = sourcecode.c.objc; name = HStack.m; path = hyakuten/Model/HStack.m; sourceTree = "<group>"; };
		38CEA2BF1BBAC12700333E73 /* hyakuten.xcdatamodel */ = {isa = PBXFileReference; lastKnownFileType = wrapper.xcdatamodel; path = hyakuten.xcdatamodel; sourceTree = "<group>"; };
		38CEA2C11BBAC24A00333E73 /* CoreData.framework */ = {isa = PBXFileReference; lastKnownFileType = wrapper.framework; name = CoreData.framework; path = System/Library/Frameworks/CoreData.framework; sourceTree = SDKROOT; };
		7B07A99C7932F158AECFED27 /* Pods.debug.xcconfig */ = {isa = PBXFileReference; includeInIndex = 1; lastKnownFileType = text.xcconfig; name = Pods.debug.xcconfig; path = "Pods/Target Support Files/Pods/Pods.debug.xcconfig"; sourceTree = "<group>"; };
		893DE68ACDA97C5A6D7AEB02 /* libPods.a */ = {isa = PBXFileReference; explicitFileType = archive.ar; includeInIndex = 0; path = libPods.a; sourceTree = BUILT_PRODUCTS_DIR; };
		DCE5A46C62163595B207AC8E /* Pods.release.xcconfig */ = {isa = PBXFileReference; includeInIndex = 1; lastKnownFileType = text.xcconfig; name = Pods.release.xcconfig; path = "Pods/Target Support Files/Pods/Pods.release.xcconfig"; sourceTree = "<group>"; };
/* End PBXFileReference section */

/* Begin PBXFrameworksBuildPhase section */
		3842EAA61BB5546500B5F1D4 /* Frameworks */ = {
			isa = PBXFrameworksBuildPhase;
			buildActionMask = 2147483647;
			files = (
				38CEA2C21BBAC24A00333E73 /* CoreData.framework in Frameworks */,
				EDB251D5836324AB11AC0F1E /* libPods.a in Frameworks */,
			);
			runOnlyForDeploymentPostprocessing = 0;
		};
		3842EABF1BB5546500B5F1D4 /* Frameworks */ = {
			isa = PBXFrameworksBuildPhase;
			buildActionMask = 2147483647;
			files = (
			);
			runOnlyForDeploymentPostprocessing = 0;
		};
		3842EACA1BB5546500B5F1D4 /* Frameworks */ = {
			isa = PBXFrameworksBuildPhase;
			buildActionMask = 2147483647;
			files = (
			);
			runOnlyForDeploymentPostprocessing = 0;
		};
/* End PBXFrameworksBuildPhase section */

/* Begin PBXGroup section */
		380782C81BBD6B0500CDEA2B /* Model */ = {
			isa = PBXGroup;
			children = (
				380782DE1BBD83F500CDEA2B /* Util */,
				380782D81BBD738300CDEA2B /* Entities */,
				380782CE1BBD72F500CDEA2B /* Question.h */,
				380782CF1BBD72F500CDEA2B /* Question.m */,
				380782D21BBD72F500CDEA2B /* Quiz.h */,
				380782D31BBD72F500CDEA2B /* Quiz.m */,
			);
			name = Model;
			sourceTree = "<group>";
		};
		380782D81BBD738300CDEA2B /* Entities */ = {
			isa = PBXGroup;
			children = (
				380782CC1BBD72F500CDEA2B /* Question+CoreDataProperties.h */,
				380782CD1BBD72F500CDEA2B /* Question+CoreDataProperties.m */,
				380782D01BBD72F500CDEA2B /* Quiz+CoreDataProperties.h */,
				380782D11BBD72F500CDEA2B /* Quiz+CoreDataProperties.m */,
			);
			name = Entities;
			sourceTree = "<group>";
		};
		380782DE1BBD83F500CDEA2B /* Util */ = {
			isa = PBXGroup;
			children = (
				386F3F741BC3BADE003020D5 /* QuizDataLoader.h */,
				386F3F751BC3BADE003020D5 /* QuizDataLoader.m */,
				380782E61BBD8F3900CDEA2B /* HType.h */,
				380782E71BBD8F3900CDEA2B /* HType.m */,
				380782E01BBD860D00CDEA2B /* AnswerGenerator.h */,
				380782E11BBD860D00CDEA2B /* AnswerGenerator.m */,
				38CD49941BC29670002DE5D4 /* HStack.h */,
				38CD49951BC29670002DE5D4 /* HStack.m */,
				386F3F711BC30AAB003020D5 /* QuizManager.h */,
				386F3F721BC30AAB003020D5 /* QuizManager.m */,
			);
			name = Util;
			path = ..;
			sourceTree = "<group>";
		};
		3842EAA01BB5546500B5F1D4 = {
			isa = PBXGroup;
			children = (
				38703B101BBE8F7500C840E3 /* .travis.yml */,
				38CEA2C11BBAC24A00333E73 /* CoreData.framework */,
				3842EAAB1BB5546500B5F1D4 /* hyakuten */,
				3842EAC51BB5546500B5F1D4 /* hyakutenTests */,
				3842EAD01BB5546500B5F1D4 /* hyakutenUITests */,
				3842EAAA1BB5546500B5F1D4 /* Products */,
				3CC747C4B45B3C4230397918 /* Pods */,
				4AA6686B91869700A019EE47 /* Frameworks */,
			);
			sourceTree = "<group>";
		};
		3842EAAA1BB5546500B5F1D4 /* Products */ = {
			isa = PBXGroup;
			children = (
				3842EAA91BB5546500B5F1D4 /* hyakuten.app */,
				3842EAC21BB5546500B5F1D4 /* hyakutenTests.xctest */,
				3842EACD1BB5546500B5F1D4 /* hyakutenUITests.xctest */,
			);
			name = Products;
			sourceTree = "<group>";
		};
		3842EAAB1BB5546500B5F1D4 /* hyakuten */ = {
			isa = PBXGroup;
			children = (
				380782E51BBD8BCA00CDEA2B /* hyakuten-Bridging-Header.h */,
				3842EAAF1BB5546500B5F1D4 /* AppDelegate.h */,
				3842EAB01BB5546500B5F1D4 /* AppDelegate.m */,
				3842EADF1BB5A8E200B5F1D4 /* Controllers */,
				3842EAE01BB5A97100B5F1D4 /* Views */,
				3842EAE11BB5A97C00B5F1D4 /* Resources */,
				3842EAAC1BB5546500B5F1D4 /* Supporting Files */,
				380782C81BBD6B0500CDEA2B /* Model */,
			);
			path = hyakuten;
			sourceTree = "<group>";
		};
		3842EAAC1BB5546500B5F1D4 /* Supporting Files */ = {
			isa = PBXGroup;
			children = (
				3842EAAD1BB5546500B5F1D4 /* main.m */,
			);
			name = "Supporting Files";
			sourceTree = "<group>";
		};
		3842EAC51BB5546500B5F1D4 /* hyakutenTests */ = {
			isa = PBXGroup;
			children = (
				3842EAC61BB5546500B5F1D4 /* hyakutenTests.m */,
				3842EAC81BB5546500B5F1D4 /* Info.plist */,
				380782EA1BBD971F00CDEA2B /* AnswerGeneratorTest.swift */,
				380782E91BBD971F00CDEA2B /* hyakutenTests-Bridging-Header.h */,
				389931791BBE80DB00F2A32C /* CoreDataHelper.swift */,
			);
			path = hyakutenTests;
			sourceTree = "<group>";
		};
		3842EAD01BB5546500B5F1D4 /* hyakutenUITests */ = {
			isa = PBXGroup;
			children = (
				3842EAD11BB5546500B5F1D4 /* hyakutenUITests.m */,
				3842EAD31BB5546500B5F1D4 /* Info.plist */,
			);
			path = hyakutenUITests;
			sourceTree = "<group>";
		};
		3842EADF1BB5A8E200B5F1D4 /* Controllers */ = {
			isa = PBXGroup;
			children = (
				383EE0A81BBC2484004F15E2 /* SettingsViewController.h */,
				383EE0A91BBC2484004F15E2 /* SettingsViewController.m */,
				3842EAB21BB5546500B5F1D4 /* QuizViewController.h */,
				3842EAB31BB5546500B5F1D4 /* QuizViewController.m */,
				3882479A1BBAC9BB00EF6E1C /* MainTableViewController.h */,
				3882479B1BBAC9BB00EF6E1C /* MainTableViewController.m */,
			);
			name = Controllers;
			sourceTree = "<group>";
		};
		3842EAE01BB5A97100B5F1D4 /* Views */ = {
			isa = PBXGroup;
			children = (
				3842EABD1BB5546500B5F1D4 /* Info.plist */,
				3842EAB51BB5546500B5F1D4 /* Main.storyboard */,
				38CEA2BE1BBAC12700333E73 /* hyakuten.xcdatamodeld */,
				3842EABA1BB5546500B5F1D4 /* LaunchScreen.storyboard */,
				38CD49911BC29191002DE5D4 /* QuizSelectionTableView.h */,
				38CD49921BC29191002DE5D4 /* QuizSelectionTableView.m */,
			);
			name = Views;
			sourceTree = "<group>";
		};
		3842EAE11BB5A97C00B5F1D4 /* Resources */ = {
			isa = PBXGroup;
			children = (
				3842EAB81BB5546500B5F1D4 /* Assets.xcassets */,
			);
			name = Resources;
			sourceTree = "<group>";
		};
		3CC747C4B45B3C4230397918 /* Pods */ = {
			isa = PBXGroup;
			children = (
				7B07A99C7932F158AECFED27 /* Pods.debug.xcconfig */,
				DCE5A46C62163595B207AC8E /* Pods.release.xcconfig */,
			);
			name = Pods;
			sourceTree = "<group>";
		};
		4AA6686B91869700A019EE47 /* Frameworks */ = {
			isa = PBXGroup;
			children = (
				893DE68ACDA97C5A6D7AEB02 /* libPods.a */,
			);
			name = Frameworks;
			sourceTree = "<group>";
		};
/* End PBXGroup section */

/* Begin PBXNativeTarget section */
		3842EAA81BB5546500B5F1D4 /* hyakuten */ = {
			isa = PBXNativeTarget;
			buildConfigurationList = 3842EAD61BB5546500B5F1D4 /* Build configuration list for PBXNativeTarget "hyakuten" */;
			buildPhases = (
				DFBF1AA724FE0DA51D0A272A /* Check Pods Manifest.lock */,
				3842EAA51BB5546500B5F1D4 /* Sources */,
				3842EAA61BB5546500B5F1D4 /* Frameworks */,
				3842EAA71BB5546500B5F1D4 /* Resources */,
				A4517F4A59188424DF11EACF /* Copy Pods Resources */,
			);
			buildRules = (
			);
			dependencies = (
			);
			name = hyakuten;
			productName = hyakuten;
			productReference = 3842EAA91BB5546500B5F1D4 /* hyakuten.app */;
			productType = "com.apple.product-type.application";
		};
		3842EAC11BB5546500B5F1D4 /* hyakutenTests */ = {
			isa = PBXNativeTarget;
			buildConfigurationList = 3842EAD91BB5546500B5F1D4 /* Build configuration list for PBXNativeTarget "hyakutenTests" */;
			buildPhases = (
				3842EABE1BB5546500B5F1D4 /* Sources */,
				3842EABF1BB5546500B5F1D4 /* Frameworks */,
				3842EAC01BB5546500B5F1D4 /* Resources */,
			);
			buildRules = (
			);
			dependencies = (
				3842EAC41BB5546500B5F1D4 /* PBXTargetDependency */,
			);
			name = hyakutenTests;
			productName = hyakutenTests;
			productReference = 3842EAC21BB5546500B5F1D4 /* hyakutenTests.xctest */;
			productType = "com.apple.product-type.bundle.unit-test";
		};
		3842EACC1BB5546500B5F1D4 /* hyakutenUITests */ = {
			isa = PBXNativeTarget;
			buildConfigurationList = 3842EADC1BB5546500B5F1D4 /* Build configuration list for PBXNativeTarget "hyakutenUITests" */;
			buildPhases = (
				3842EAC91BB5546500B5F1D4 /* Sources */,
				3842EACA1BB5546500B5F1D4 /* Frameworks */,
				3842EACB1BB5546500B5F1D4 /* Resources */,
			);
			buildRules = (
			);
			dependencies = (
				3842EACF1BB5546500B5F1D4 /* PBXTargetDependency */,
			);
			name = hyakutenUITests;
			productName = hyakutenUITests;
			productReference = 3842EACD1BB5546500B5F1D4 /* hyakutenUITests.xctest */;
			productType = "com.apple.product-type.bundle.ui-testing";
		};
/* End PBXNativeTarget section */

/* Begin PBXProject section */
		3842EAA11BB5546500B5F1D4 /* Project object */ = {
			isa = PBXProject;
			attributes = {
				LastSwiftUpdateCheck = 0700;
				LastUpgradeCheck = 0700;
				ORGANIZATIONNAME = rawtoast;
				TargetAttributes = {
					3842EAA81BB5546500B5F1D4 = {
						CreatedOnToolsVersion = 7.0;
						DevelopmentTeam = Q25EX3A8DT;
					};
					3842EAC11BB5546500B5F1D4 = {
						CreatedOnToolsVersion = 7.0;
						DevelopmentTeam = Q25EX3A8DT;
						TestTargetID = 3842EAA81BB5546500B5F1D4;
					};
					3842EACC1BB5546500B5F1D4 = {
						CreatedOnToolsVersion = 7.0;
						DevelopmentTeam = Q25EX3A8DT;
						TestTargetID = 3842EAA81BB5546500B5F1D4;
					};
				};
			};
			buildConfigurationList = 3842EAA41BB5546500B5F1D4 /* Build configuration list for PBXProject "hyakuten" */;
			compatibilityVersion = "Xcode 3.2";
			developmentRegion = English;
			hasScannedForEncodings = 0;
			knownRegions = (
				en,
				Base,
			);
			mainGroup = 3842EAA01BB5546500B5F1D4;
			productRefGroup = 3842EAAA1BB5546500B5F1D4 /* Products */;
			projectDirPath = "";
			projectRoot = "";
			targets = (
				3842EAA81BB5546500B5F1D4 /* hyakuten */,
				3842EAC11BB5546500B5F1D4 /* hyakutenTests */,
				3842EACC1BB5546500B5F1D4 /* hyakutenUITests */,
			);
		};
/* End PBXProject section */

/* Begin PBXResourcesBuildPhase section */
		3842EAA71BB5546500B5F1D4 /* Resources */ = {
			isa = PBXResourcesBuildPhase;
			buildActionMask = 2147483647;
			files = (
				3842EABC1BB5546500B5F1D4 /* LaunchScreen.storyboard in Resources */,
				3842EAB91BB5546500B5F1D4 /* Assets.xcassets in Resources */,
				38703B111BBE8F7500C840E3 /* .travis.yml in Resources */,
				3842EAB71BB5546500B5F1D4 /* Main.storyboard in Resources */,
			);
			runOnlyForDeploymentPostprocessing = 0;
		};
		3842EAC01BB5546500B5F1D4 /* Resources */ = {
			isa = PBXResourcesBuildPhase;
			buildActionMask = 2147483647;
			files = (
				38703B121BBE8F7500C840E3 /* .travis.yml in Resources */,
			);
			runOnlyForDeploymentPostprocessing = 0;
		};
		3842EACB1BB5546500B5F1D4 /* Resources */ = {
			isa = PBXResourcesBuildPhase;
			buildActionMask = 2147483647;
			files = (
				38703B131BBE8F7500C840E3 /* .travis.yml in Resources */,
			);
			runOnlyForDeploymentPostprocessing = 0;
		};
/* End PBXResourcesBuildPhase section */

/* Begin PBXShellScriptBuildPhase section */
		A4517F4A59188424DF11EACF /* Copy Pods Resources */ = {
			isa = PBXShellScriptBuildPhase;
			buildActionMask = 2147483647;
			files = (
			);
			inputPaths = (
			);
			name = "Copy Pods Resources";
			outputPaths = (
			);
			runOnlyForDeploymentPostprocessing = 0;
			shellPath = /bin/sh;
			shellScript = "\"${SRCROOT}/Pods/Target Support Files/Pods/Pods-resources.sh\"\n";
			showEnvVarsInLog = 0;
		};
		DFBF1AA724FE0DA51D0A272A /* Check Pods Manifest.lock */ = {
			isa = PBXShellScriptBuildPhase;
			buildActionMask = 2147483647;
			files = (
			);
			inputPaths = (
			);
			name = "Check Pods Manifest.lock";
			outputPaths = (
			);
			runOnlyForDeploymentPostprocessing = 0;
			shellPath = /bin/sh;
			shellScript = "diff \"${PODS_ROOT}/../Podfile.lock\" \"${PODS_ROOT}/Manifest.lock\" > /dev/null\nif [[ $? != 0 ]] ; then\n    cat << EOM\nerror: The sandbox is not in sync with the Podfile.lock. Run 'pod install' or update your CocoaPods installation.\nEOM\n    exit 1\nfi\n";
			showEnvVarsInLog = 0;
		};
/* End PBXShellScriptBuildPhase section */

/* Begin PBXSourcesBuildPhase section */
		3842EAA51BB5546500B5F1D4 /* Sources */ = {
			isa = PBXSourcesBuildPhase;
			buildActionMask = 2147483647;
			files = (
				380782E81BBD8F3900CDEA2B /* HType.m in Sources */,
				38CD49961BC29670002DE5D4 /* HStack.m in Sources */,
				380782D71BBD72F500CDEA2B /* Quiz.m in Sources */,
				3842EAB41BB5546500B5F1D4 /* QuizViewController.m in Sources */,
				380782E21BBD860D00CDEA2B /* AnswerGenerator.m in Sources */,
				386F3F761BC3BADE003020D5 /* QuizDataLoader.m in Sources */,
				380782D61BBD72F500CDEA2B /* Quiz+CoreDataProperties.m in Sources */,
				3842EAB11BB5546500B5F1D4 /* AppDelegate.m in Sources */,
				38CEA2C01BBAC12700333E73 /* hyakuten.xcdatamodeld in Sources */,
				383EE0AA1BBC2484004F15E2 /* SettingsViewController.m in Sources */,
				380782D41BBD72F500CDEA2B /* Question+CoreDataProperties.m in Sources */,
				38CD49931BC29191002DE5D4 /* QuizSelectionTableView.m in Sources */,
				380782D51BBD72F500CDEA2B /* Question.m in Sources */,
				386F3F731BC30AAB003020D5 /* QuizManager.m in Sources */,
				3882479C1BBAC9BB00EF6E1C /* MainTableViewController.m in Sources */,
				3842EAAE1BB5546500B5F1D4 /* main.m in Sources */,
			);
			runOnlyForDeploymentPostprocessing = 0;
		};
		3842EABE1BB5546500B5F1D4 /* Sources */ = {
			isa = PBXSourcesBuildPhase;
			buildActionMask = 2147483647;
			files = (
				3899317A1BBE80DB00F2A32C /* CoreDataHelper.swift in Sources */,
				3842EAC71BB5546500B5F1D4 /* hyakutenTests.m in Sources */,
				380782EB1BBD971F00CDEA2B /* AnswerGeneratorTest.swift in Sources */,
			);
			runOnlyForDeploymentPostprocessing = 0;
		};
		3842EAC91BB5546500B5F1D4 /* Sources */ = {
			isa = PBXSourcesBuildPhase;
			buildActionMask = 2147483647;
			files = (
				3842EAD21BB5546500B5F1D4 /* hyakutenUITests.m in Sources */,
			);
			runOnlyForDeploymentPostprocessing = 0;
		};
/* End PBXSourcesBuildPhase section */

/* Begin PBXTargetDependency section */
		3842EAC41BB5546500B5F1D4 /* PBXTargetDependency */ = {
			isa = PBXTargetDependency;
			target = 3842EAA81BB5546500B5F1D4 /* hyakuten */;
			targetProxy = 3842EAC31BB5546500B5F1D4 /* PBXContainerItemProxy */;
		};
		3842EACF1BB5546500B5F1D4 /* PBXTargetDependency */ = {
			isa = PBXTargetDependency;
			target = 3842EAA81BB5546500B5F1D4 /* hyakuten */;
			targetProxy = 3842EACE1BB5546500B5F1D4 /* PBXContainerItemProxy */;
		};
/* End PBXTargetDependency section */

/* Begin PBXVariantGroup section */
		3842EAB51BB5546500B5F1D4 /* Main.storyboard */ = {
			isa = PBXVariantGroup;
			children = (
				3842EAB61BB5546500B5F1D4 /* Base */,
			);
			name = Main.storyboard;
			sourceTree = "<group>";
		};
		3842EABA1BB5546500B5F1D4 /* LaunchScreen.storyboard */ = {
			isa = PBXVariantGroup;
			children = (
				3842EABB1BB5546500B5F1D4 /* Base */,
			);
			name = LaunchScreen.storyboard;
			sourceTree = "<group>";
		};
/* End PBXVariantGroup section */

/* Begin XCBuildConfiguration section */
		3842EAD41BB5546500B5F1D4 /* Debug */ = {
			isa = XCBuildConfiguration;
			buildSettings = {
				ALWAYS_SEARCH_USER_PATHS = NO;
				CLANG_CXX_LANGUAGE_STANDARD = "gnu++0x";
				CLANG_CXX_LIBRARY = "libc++";
				CLANG_ENABLE_MODULES = YES;
				CLANG_ENABLE_OBJC_ARC = YES;
				CLANG_WARN_BOOL_CONVERSION = YES;
				CLANG_WARN_CONSTANT_CONVERSION = YES;
				CLANG_WARN_DIRECT_OBJC_ISA_USAGE = YES_ERROR;
				CLANG_WARN_EMPTY_BODY = YES;
				CLANG_WARN_ENUM_CONVERSION = YES;
				CLANG_WARN_INT_CONVERSION = YES;
				CLANG_WARN_OBJC_ROOT_CLASS = YES_ERROR;
				CLANG_WARN_UNREACHABLE_CODE = YES;
				CLANG_WARN__DUPLICATE_METHOD_MATCH = YES;
				"CODE_SIGN_IDENTITY[sdk=iphoneos*]" = "iPhone Developer";
				COPY_PHASE_STRIP = NO;
				DEBUG_INFORMATION_FORMAT = dwarf;
				DEFINES_MODULE = YES;
				ENABLE_STRICT_OBJC_MSGSEND = YES;
				ENABLE_TESTABILITY = YES;
				GCC_C_LANGUAGE_STANDARD = gnu99;
				GCC_DYNAMIC_NO_PIC = NO;
				GCC_NO_COMMON_BLOCKS = YES;
				GCC_OPTIMIZATION_LEVEL = 0;
				GCC_PREPROCESSOR_DEFINITIONS = (
					"DEBUG=1",
					"$(inherited)",
				);
				GCC_WARN_64_TO_32_BIT_CONVERSION = YES;
				GCC_WARN_ABOUT_RETURN_TYPE = YES_ERROR;
				GCC_WARN_UNDECLARED_SELECTOR = YES;
				GCC_WARN_UNINITIALIZED_AUTOS = YES_AGGRESSIVE;
				GCC_WARN_UNUSED_FUNCTION = YES;
				GCC_WARN_UNUSED_VARIABLE = YES;
				IPHONEOS_DEPLOYMENT_TARGET = 9.0;
				MTL_ENABLE_DEBUG_INFO = YES;
				ONLY_ACTIVE_ARCH = YES;
				SDKROOT = iphoneos;
				TARGETED_DEVICE_FAMILY = "1,2";
			};
			name = Debug;
		};
		3842EAD51BB5546500B5F1D4 /* Release */ = {
			isa = XCBuildConfiguration;
			buildSettings = {
				ALWAYS_SEARCH_USER_PATHS = NO;
				CLANG_CXX_LANGUAGE_STANDARD = "gnu++0x";
				CLANG_CXX_LIBRARY = "libc++";
				CLANG_ENABLE_MODULES = YES;
				CLANG_ENABLE_OBJC_ARC = YES;
				CLANG_WARN_BOOL_CONVERSION = YES;
				CLANG_WARN_CONSTANT_CONVERSION = YES;
				CLANG_WARN_DIRECT_OBJC_ISA_USAGE = YES_ERROR;
				CLANG_WARN_EMPTY_BODY = YES;
				CLANG_WARN_ENUM_CONVERSION = YES;
				CLANG_WARN_INT_CONVERSION = YES;
				CLANG_WARN_OBJC_ROOT_CLASS = YES_ERROR;
				CLANG_WARN_UNREACHABLE_CODE = YES;
				CLANG_WARN__DUPLICATE_METHOD_MATCH = YES;
				"CODE_SIGN_IDENTITY[sdk=iphoneos*]" = "iPhone Developer";
				COPY_PHASE_STRIP = NO;
				DEBUG_INFORMATION_FORMAT = "dwarf-with-dsym";
				DEFINES_MODULE = YES;
				ENABLE_NS_ASSERTIONS = NO;
				ENABLE_STRICT_OBJC_MSGSEND = YES;
				GCC_C_LANGUAGE_STANDARD = gnu99;
				GCC_NO_COMMON_BLOCKS = YES;
				GCC_WARN_64_TO_32_BIT_CONVERSION = YES;
				GCC_WARN_ABOUT_RETURN_TYPE = YES_ERROR;
				GCC_WARN_UNDECLARED_SELECTOR = YES;
				GCC_WARN_UNINITIALIZED_AUTOS = YES_AGGRESSIVE;
				GCC_WARN_UNUSED_FUNCTION = YES;
				GCC_WARN_UNUSED_VARIABLE = YES;
				IPHONEOS_DEPLOYMENT_TARGET = 9.0;
				MTL_ENABLE_DEBUG_INFO = NO;
				SDKROOT = iphoneos;
				TARGETED_DEVICE_FAMILY = "1,2";
				VALIDATE_PRODUCT = YES;
			};
			name = Release;
		};
		3842EAD71BB5546500B5F1D4 /* Debug */ = {
			isa = XCBuildConfiguration;
			baseConfigurationReference = 7B07A99C7932F158AECFED27 /* Pods.debug.xcconfig */;
			buildSettings = {
				ASSETCATALOG_COMPILER_APPICON_NAME = AppIcon;
				CLANG_ENABLE_MODULES = YES;
				INFOPLIST_FILE = hyakuten/Info.plist;
				LD_RUNPATH_SEARCH_PATHS = "$(inherited) @executable_path/Frameworks";
				PRODUCT_BUNDLE_IDENTIFIER = com.github.rawtoast.hyakuten;
				PRODUCT_NAME = "$(TARGET_NAME)";
				SWIFT_OBJC_BRIDGING_HEADER = "hyakuten/hyakuten-Bridging-Header.h";
				SWIFT_OPTIMIZATION_LEVEL = "-Onone";
			};
			name = Debug;
		};
		3842EAD81BB5546500B5F1D4 /* Release */ = {
			isa = XCBuildConfiguration;
			baseConfigurationReference = DCE5A46C62163595B207AC8E /* Pods.release.xcconfig */;
			buildSettings = {
				ASSETCATALOG_COMPILER_APPICON_NAME = AppIcon;
				CLANG_ENABLE_MODULES = YES;
				INFOPLIST_FILE = hyakuten/Info.plist;
				LD_RUNPATH_SEARCH_PATHS = "$(inherited) @executable_path/Frameworks";
				PRODUCT_BUNDLE_IDENTIFIER = com.github.rawtoast.hyakuten;
				PRODUCT_NAME = "$(TARGET_NAME)";
				SWIFT_OBJC_BRIDGING_HEADER = "hyakuten/hyakuten-Bridging-Header.h";
			};
			name = Release;
		};
		3842EADA1BB5546500B5F1D4 /* Debug */ = {
			isa = XCBuildConfiguration;
			buildSettings = {
				BUNDLE_LOADER = "$(TEST_HOST)";
				CLANG_ENABLE_MODULES = YES;
				INFOPLIST_FILE = hyakutenTests/Info.plist;
				LD_RUNPATH_SEARCH_PATHS = "$(inherited) @executable_path/Frameworks @loader_path/Frameworks";
				PRODUCT_BUNDLE_IDENTIFIER = com.github.rawtoast.hyakutenTests;
				PRODUCT_NAME = "$(TARGET_NAME)";
				SWIFT_OBJC_BRIDGING_HEADER = "hyakutenTests/hyakutenTests-Bridging-Header.h";
				SWIFT_OPTIMIZATION_LEVEL = "-Onone";
				TEST_HOST = "$(BUILT_PRODUCTS_DIR)/hyakuten.app/hyakuten";
			};
			name = Debug;
		};
		3842EADB1BB5546500B5F1D4 /* Release */ = {
			isa = XCBuildConfiguration;
			buildSettings = {
				BUNDLE_LOADER = "$(TEST_HOST)";
				CLANG_ENABLE_MODULES = YES;
				INFOPLIST_FILE = hyakutenTests/Info.plist;
				LD_RUNPATH_SEARCH_PATHS = "$(inherited) @executable_path/Frameworks @loader_path/Frameworks";
				PRODUCT_BUNDLE_IDENTIFIER = com.github.rawtoast.hyakutenTests;
				PRODUCT_NAME = "$(TARGET_NAME)";
				SWIFT_OBJC_BRIDGING_HEADER = "hyakutenTests/hyakutenTests-Bridging-Header.h";
				TEST_HOST = "$(BUILT_PRODUCTS_DIR)/hyakuten.app/hyakuten";
			};
			name = Release;
		};
		3842EADD1BB5546500B5F1D4 /* Debug */ = {
			isa = XCBuildConfiguration;
			buildSettings = {
				INFOPLIST_FILE = hyakutenUITests/Info.plist;
				LD_RUNPATH_SEARCH_PATHS = "$(inherited) @executable_path/Frameworks @loader_path/Frameworks";
				PRODUCT_BUNDLE_IDENTIFIER = com.github.rawtoast.hyakutenUITests;
				PRODUCT_NAME = "$(TARGET_NAME)";
				TEST_TARGET_NAME = hyakuten;
				USES_XCTRUNNER = YES;
			};
			name = Debug;
		};
		3842EADE1BB5546500B5F1D4 /* Release */ = {
			isa = XCBuildConfiguration;
			buildSettings = {
				INFOPLIST_FILE = hyakutenUITests/Info.plist;
				LD_RUNPATH_SEARCH_PATHS = "$(inherited) @executable_path/Frameworks @loader_path/Frameworks";
				PRODUCT_BUNDLE_IDENTIFIER = com.github.rawtoast.hyakutenUITests;
				PRODUCT_NAME = "$(TARGET_NAME)";
				TEST_TARGET_NAME = hyakuten;
				USES_XCTRUNNER = YES;
			};
			name = Release;
		};
/* End XCBuildConfiguration section */

/* Begin XCConfigurationList section */
		3842EAA41BB5546500B5F1D4 /* Build configuration list for PBXProject "hyakuten" */ = {
			isa = XCConfigurationList;
			buildConfigurations = (
				3842EAD41BB5546500B5F1D4 /* Debug */,
				3842EAD51BB5546500B5F1D4 /* Release */,
			);
			defaultConfigurationIsVisible = 0;
			defaultConfigurationName = Release;
		};
		3842EAD61BB5546500B5F1D4 /* Build configuration list for PBXNativeTarget "hyakuten" */ = {
			isa = XCConfigurationList;
			buildConfigurations = (
				3842EAD71BB5546500B5F1D4 /* Debug */,
				3842EAD81BB5546500B5F1D4 /* Release */,
			);
			defaultConfigurationIsVisible = 0;
			defaultConfigurationName = Release;
		};
		3842EAD91BB5546500B5F1D4 /* Build configuration list for PBXNativeTarget "hyakutenTests" */ = {
			isa = XCConfigurationList;
			buildConfigurations = (
				3842EADA1BB5546500B5F1D4 /* Debug */,
				3842EADB1BB5546500B5F1D4 /* Release */,
			);
			defaultConfigurationIsVisible = 0;
			defaultConfigurationName = Release;
		};
		3842EADC1BB5546500B5F1D4 /* Build configuration list for PBXNativeTarget "hyakutenUITests" */ = {
			isa = XCConfigurationList;
			buildConfigurations = (
				3842EADD1BB5546500B5F1D4 /* Debug */,
				3842EADE1BB5546500B5F1D4 /* Release */,
			);
			defaultConfigurationIsVisible = 0;
			defaultConfigurationName = Release;
		};
/* End XCConfigurationList section */

/* Begin XCVersionGroup section */
		38CEA2BE1BBAC12700333E73 /* hyakuten.xcdatamodeld */ = {
			isa = XCVersionGroup;
			children = (
				38CEA2BF1BBAC12700333E73 /* hyakuten.xcdatamodel */,
			);
			currentVersion = 38CEA2BF1BBAC12700333E73 /* hyakuten.xcdatamodel */;
			path = hyakuten.xcdatamodeld;
			sourceTree = "<group>";
			versionGroupType = wrapper.xcdatamodel;
		};
/* End XCVersionGroup section */
	};
	rootObject = 3842EAA11BB5546500B5F1D4 /* Project object */;
}
